
Microsoft Visual Studio Solution File, Format Version 12.00
# Visual Studio Version 17
VisualStudioVersion = 17.12.35410.144 d17.12
MinimumVisualStudioVersion = 10.0.40219.1
Project("{FAE04EC0-301F-11D3-BF4B-00C04F79EFBC}") = "ClinicAppWebApi", "ClinicAppWebApi.csproj", "{97D7150C-8E35-46AE-A4F1-9DA52B615745}"
EndProject
Project("{FAE04EC0-301F-11D3-BF4B-00C04F79EFBC}") = "Contracts", "..\Contracts\Contracts.csproj", "{5E50A24D-80BF-4606-B28B-F3DB57612647}"
EndProject
Project("{FAE04EC0-301F-11D3-BF4B-00C04F79EFBC}") = "DomainData", "..\DomainData\DomainData.csproj", "{F4B87790-872B-442A-BE24-64B7EE7FBFA3}"
EndProject
Project("{FAE04EC0-301F-11D3-BF4B-00C04F79EFBC}") = "Application", "..\Application\Application.csproj", "{0F163E84-0502-447F-A8E4-FC6F403845B8}"
EndProject
Global
	GlobalSection(SolutionConfigurationPlatforms) = preSolution
		Debug|Any CPU = Debug|Any CPU
		Release|Any CPU = Release|Any CPU
	EndGlobalSection
	GlobalSection(ProjectConfigurationPlatforms) = postSolution
		{97D7150C-8E35-46AE-A4F1-9DA52B615745}.Debug|Any CPU.ActiveCfg = Debug|Any CPU
		{97D7150C-8E35-46AE-A4F1-9DA52B615745}.Debug|Any CPU.Build.0 = Debug|Any CPU
		{97D7150C-8E35-46AE-A4F1-9DA52B615745}.Release|Any CPU.ActiveCfg = Release|Any CPU
		{97D7150C-8E35-46AE-A4F1-9DA52B615745}.Release|Any CPU.Build.0 = Release|Any CPU
		{5E50A24D-80BF-4606-B28B-F3DB57612647}.Debug|Any CPU.ActiveCfg = Debug|Any CPU
		{5E50A24D-80BF-4606-B28B-F3DB57612647}.Debug|Any CPU.Build.0 = Debug|Any CPU
		{5E50A24D-80BF-4606-B28B-F3DB57612647}.Release|Any CPU.ActiveCfg = Release|Any CPU
		{5E50A24D-80BF-4606-B28B-F3DB57612647}.Release|Any CPU.Build.0 = Release|Any CPU
		{F4B87790-872B-442A-BE24-64B7EE7FBFA3}.Debug|Any CPU.ActiveCfg = Debug|Any CPU
		{F4B87790-872B-442A-BE24-64B7EE7FBFA3}.Debug|Any CPU.Build.0 = Debug|Any CPU
		{F4B87790-872B-442A-BE24-64B7EE7FBFA3}.Release|Any CPU.ActiveCfg = Release|Any CPU
		{F4B87790-872B-442A-BE24-64B7EE7FBFA3}.Release|Any CPU.Build.0 = Release|Any CPU
		{0F163E84-0502-447F-A8E4-FC6F403845B8}.Debug|Any CPU.ActiveCfg = Debug|Any CPU
		{0F163E84-0502-447F-A8E4-FC6F403845B8}.Debug|Any CPU.Build.0 = Debug|Any CPU
		{0F163E84-0502-447F-A8E4-FC6F403845B8}.Release|Any CPU.ActiveCfg = Release|Any CPU
		{0F163E84-0502-447F-A8E4-FC6F403845B8}.Release|Any CPU.Build.0 = Release|Any CPU
	EndGlobalSection
	GlobalSection(SolutionProperties) = preSolution
		HideSolutionNode = FALSE
	EndGlobalSection
EndGlobal
